# THIS IS AN AUTOGENERATED FILE. DO NOT EDIT THIS FILE DIRECTLY.
# yarn lockfile v1


"@babel/runtime@^7.5.5", "@babel/runtime@^7.7.2":
  version "7.11.0"
  resolved "https://registry.yarnpkg.com/@babel/runtime/-/runtime-7.11.0.tgz#f10245877042a815e07f7e693faff0ae9d3a2aac"
  integrity sha512-qArkXsjJq7H+T86WrIFV0Fnu/tNOkZ4cgXmjkzAu3b/58D5mFIO8JH/y77t7C9q0OdDRdh9s7Ue5GasYssxtXw==
  dependencies:
    regenerator-runtime "^0.13.4"

import-html-entry@^1.7.0:
  version "1.7.4"
  resolved "https://registry.yarnpkg.com/import-html-entry/-/import-html-entry-1.7.4.tgz#40bbd4269baa00ed2986a1d2052e6818c1c92379"
  integrity sha512-A/ntpKNDEqIgsx382qpIy7h3mKT1R18E46GSaYCDjs95m49KcYU6mfRdkwRZM7tR/PtWxuX8EbLE0gKskDLjeg==
  dependencies:
    "@babel/runtime" "^7.7.2"

lodash@^4.17.11:
  version "4.17.19"
  resolved "https://registry.yarnpkg.com/lodash/-/lodash-4.17.19.tgz#e48ddedbe30b3321783c5b4301fbd353bc1e4a4b"
  integrity sha512-JNvd8XER9GQX0v2qJgsaN/mzFCNA5BRe/j8JN9d+tWyGLSodKQHKFicdwNYzWwI3wjRnaKPsGj1XkBjx/F96DQ==

qiankun@^2.0.16:
  version "2.0.16"
  resolved "https://registry.yarnpkg.com/qiankun/-/qiankun-2.0.16.tgz#344d2f78a067b20992a2faddf4674c08a7fb8b81"
  integrity sha512-03ViCIamE9FWw6DaSskiI+32jnefNMlrH+e3uQaSgHFzPsAnJa+9YcU+3lyECnxp2yelQe4w4j9R5hY9CgWXdQ==
  dependencies:
    "@babel/runtime" "^7.5.5"
    import-html-entry "^1.7.0"
    lodash "^4.17.11"
    single-spa "^5.3.1"
    tslib "^1.10.0"

regenerator-runtime@^0.13.4:
  version "0.13.7"
  resolved "https://registry.yarnpkg.com/regenerator-runtime/-/regenerator-runtime-0.13.7.tgz#cac2dacc8a1ea675feaabaeb8ae833898ae46f55"
  integrity sha512-a54FxoJDIr27pgf7IgeQGxmqUNYrcV338lf/6gH456HZ/PhX+5BcwHXG9ajESmwe6WRO0tAzRUrRmNONWgkrew==

single-spa-vue@^1.8.2:
  version "1.8.2"
  resolved "https://registry.yarnpkg.com/single-spa-vue/-/single-spa-vue-1.8.2.tgz#16a5eb6e6e0c4cbb35cd2736b81f78ffabc5fcc2"
  integrity sha512-31rNJjyVWPlO+OZATL8tGP/R+PN7q0Kiw08BOxBkPYEqbO1jZLlJ/18+hshsT9kfzqnUT2TyNKjj8TLWM9GRFA==

single-spa@^5.3.1, single-spa@^5.5.5:
  version "5.5.5"
  resolved "https://registry.yarnpkg.com/single-spa/-/single-spa-5.5.5.tgz#77a947516874d50b1e1a43aa6c316b550605d4fb"
  integrity sha512-10YHGwETkAT6k9dkOTClig2h/R6yA5qvLdvk6i7Z4/PK8A2iD/pVvYKIud0aZVA69OzO1lrQOHB4VgT4t8/kXw==

tslib@^1.10.0:
  version "1.13.0"
  resolved "https://registry.yarnpkg.com/tslib/-/tslib-1.13.0.tgz#c881e13cc7015894ed914862d276436fa9a47043"
  integrity sha512-i/6DQjL8Xf3be4K/E6Wgpekn5Qasl1usyw++dAA35Ue5orEn65VIxOA+YvNNl9HV3qv70T7CNwjODHZrLwvd1Q==
